
Microsoft Visual Studio Solution File, Format Version 12.00
# Visual Studio Version 16
VisualStudioVersion = 16.0.28803.202
MinimumVisualStudioVersion = 10.0.40219.1
Project("{9A19103F-16F7-4668-BE54-9A1E7A4F7556}") = "Intern", "Intern.csproj", "{3D55A121-8623-42F5-8D33-152C10EEDBFA}"
EndProject
Global
	GlobalSection(SolutionConfigurationPlatforms) = preSolution
		Debug|Any CPU = Debug|Any CPU
		Release|Any CPU = Release|Any CPU
	EndGlobalSection
	GlobalSection(ProjectConfigurationPlatforms) = postSolution
		{3D55A121-8623-42F5-8D33-152C10EEDBFA}.Debug|Any CPU.ActiveCfg = Debug|Any CPU
		{3D55A121-8623-42F5-8D33-152C10EEDBFA}.Debug|Any CPU.Build.0 = Debug|Any CPU
		{3D55A121-8623-42F5-8D33-152C10EEDBFA}.Release|Any CPU.ActiveCfg = Release|Any CPU
		{3D55A121-8623-42F5-8D33-152C10EEDBFA}.Release|Any CPU.Build.0 = Release|Any CPU
	EndGlobalSection
	GlobalSection(SolutionProperties) = preSolution
		HideSolutionNode = FALSE
	EndGlobalSection
	GlobalSection(ExtensibilityGlobals) = postSolution
		SolutionGuid = {4DF68F38-0D31-4094-8759-AD719C3B3947}
	EndGlobalSection
EndGlobal
